
Microsoft Visual Studio Solution File, Format Version 12.00
# Visual Studio 14
VisualStudioVersion = 14.0.23107.0
MinimumVisualStudioVersion = 10.0.40219.1
Project("{FAE04EC0-301F-11D3-BF4B-00C04F79EFBC}") = "FolderHttpServer", "FolderHttpServer\FolderHttpServer.csproj", "{52FC73CE-1196-4357-82AB-061CD80A8207}"
EndProject
Global
	GlobalSection(SolutionConfigurationPlatforms) = preSolution
		Debug|Any CPU = Debug|Any CPU
		Release|Any CPU = Release|Any CPU
	EndGlobalSection
	GlobalSection(ProjectConfigurationPlatforms) = postSolution
		{52FC73CE-1196-4357-82AB-061CD80A8207}.Debug|Any CPU.ActiveCfg = Debug|Any CPU
		{52FC73CE-1196-4357-82AB-061CD80A8207}.Debug|Any CPU.Build.0 = Debug|Any CPU
		{52FC73CE-1196-4357-82AB-061CD80A8207}.Release|Any CPU.ActiveCfg = Release|Any CPU
		{52FC73CE-1196-4357-82AB-061CD80A8207}.Release|Any CPU.Build.0 = Release|Any CPU
	EndGlobalSection
	GlobalSection(SolutionProperties) = preSolution
		HideSolutionNode = FALSE
	EndGlobalSection
EndGlobal
